
Microsoft Visual Studio Solution File, Format Version 11.00
# Visual Studio 2010
Project("{F184B08F-C81C-45F6-A57F-5ABD9991F28F}") = "PA Activity Creator", "PA Activity Creator\PA Activity Creator.vbproj", "{B7815B78-DD1F-4BEE-AE9F-BCBAA8C5F538}"
EndProject
Global
	GlobalSection(SolutionConfigurationPlatforms) = preSolution
		Debug|x86 = Debug|x86
		Release|x86 = Release|x86
	EndGlobalSection
	GlobalSection(ProjectConfigurationPlatforms) = postSolution
		{B7815B78-DD1F-4BEE-AE9F-BCBAA8C5F538}.Debug|x86.ActiveCfg = Debug|x86
		{B7815B78-DD1F-4BEE-AE9F-BCBAA8C5F538}.Debug|x86.Build.0 = Debug|x86
		{B7815B78-DD1F-4BEE-AE9F-BCBAA8C5F538}.Release|x86.ActiveCfg = Release|x86
		{B7815B78-DD1F-4BEE-AE9F-BCBAA8C5F538}.Release|x86.Build.0 = Release|x86
	EndGlobalSection
	GlobalSection(SolutionProperties) = preSolution
		HideSolutionNode = FALSE
	EndGlobalSection
EndGlobal
